// !$*UTF8*$!
{
	archiveVersion = 1;
	classes = {
	};
	objectVersion = 77;
	objects = {

/* Begin PBXBuildFile section */
		3917E29B2D94778400B51000 /* SnapKit in Frameworks */ = {isa = PBXBuildFile; productRef = 3917E29A2D94778400B51000 /* SnapKit */; };
		B46C74CA2D9E84FE0021BF26 /* FirebaseAuth in Frameworks */ = {isa = PBXBuildFile; productRef = B46C74C92D9E84FE0021BF26 /* FirebaseAuth */; };
		B46C74CC2D9E84FE0021BF26 /* FirebaseFirestore in Frameworks */ = {isa = PBXBuildFile; productRef = B46C74CB2D9E84FE0021BF26 /* FirebaseFirestore */; };
		B46C74CE2D9E84FE0021BF26 /* FirebaseMessaging in Frameworks */ = {isa = PBXBuildFile; productRef = B46C74CD2D9E84FE0021BF26 /* FirebaseMessaging */; };
		B46C74D02D9E84FE0021BF26 /* FirebaseStorage in Frameworks */ = {isa = PBXBuildFile; productRef = B46C74CF2D9E84FE0021BF26 /* FirebaseStorage */; };
/* End PBXBuildFile section */

/* Begin PBXContainerItemProxy section */
		CAC0DDD32D9F53060017B5FC /* PBXContainerItemProxy */ = {
			isa = PBXContainerItemProxy;
			containerPortal = 39E396A22D932EA300C43CC4 /* Project object */;
			proxyType = 1;
			remoteGlobalIDString = 39E396A92D932EA300C43CC4;
			remoteInfo = Friends;
		};
/* End PBXContainerItemProxy section */

/* Begin PBXFileReference section */
		394D942D2D9EB71C00187B5D /* Friends.xcodeproj */ = {isa = PBXFileReference; lastKnownFileType = "wrapper.pb-project"; path = Friends.xcodeproj; sourceTree = "<group>"; };
		394D95562D9EB92D00187B5D /* Friends.xcodeproj */ = {isa = PBXFileReference; lastKnownFileType = "wrapper.pb-project"; path = Friends.xcodeproj; sourceTree = "<group>"; };
		39BBDF862D9DA89200DDCDDA /* Friends.xcodeproj */ = {isa = PBXFileReference; lastKnownFileType = "wrapper.pb-project"; path = Friends.xcodeproj; sourceTree = "<group>"; };
		39E396AA2D932EA300C43CC4 /* Friends.app */ = {isa = PBXFileReference; explicitFileType = wrapper.application; includeInIndex = 0; path = Friends.app; sourceTree = BUILT_PRODUCTS_DIR; };
		39EE0B9E2D99B301005E6AF4 /* Friends.xcodeproj */ = {isa = PBXFileReference; lastKnownFileType = "wrapper.pb-project"; path = Friends.xcodeproj; sourceTree = "<group>"; };

		CAC0DD7F2D9F52F10017B5FC /* Friends.xcodeproj */ = {isa = PBXFileReference; lastKnownFileType = "wrapper.pb-project"; path = Friends.xcodeproj; sourceTree = "<group>"; };
		CAC0DDCD2D9F53060017B5FC /* FriendsUITests.xctest */ = {isa = PBXFileReference; explicitFileType = wrapper.cfbundle; includeInIndex = 0; path = FriendsUITests.xctest; sourceTree = BUILT_PRODUCTS_DIR; };

/* End PBXFileReference section */

/* Begin PBXFileSystemSynchronizedBuildFileExceptionSet section */
		39E396BC2D932EA500C43CC4 /* Exceptions for "Friends" folder in "Friends" target */ = {
			isa = PBXFileSystemSynchronizedBuildFileExceptionSet;
			membershipExceptions = (
				App/Info.plist,
			);
			target = 39E396A92D932EA300C43CC4 /* Friends */;
		};
/* End PBXFileSystemSynchronizedBuildFileExceptionSet section */

/* Begin PBXFileSystemSynchronizedRootGroup section */
		39E396AC2D932EA300C43CC4 /* Friends */ = {
			isa = PBXFileSystemSynchronizedRootGroup;
			exceptions = (
				39E396BC2D932EA500C43CC4 /* Exceptions for "Friends" folder in "Friends" target */,
			);
			path = Friends;
			sourceTree = "<group>";
		};
		CAC0DDCE2D9F53060017B5FC /* FriendsUITests */ = {
			isa = PBXFileSystemSynchronizedRootGroup;
			path = FriendsUITests;
			sourceTree = "<group>";
		};
/* End PBXFileSystemSynchronizedRootGroup section */

/* Begin PBXFrameworksBuildPhase section */
		39E396A72D932EA300C43CC4 /* Frameworks */ = {
			isa = PBXFrameworksBuildPhase;
			buildActionMask = 2147483647;
			files = (
				B46C74CE2D9E84FE0021BF26 /* FirebaseMessaging in Frameworks */,
				3917E29B2D94778400B51000 /* SnapKit in Frameworks */,
				B46C74CA2D9E84FE0021BF26 /* FirebaseAuth in Frameworks */,
				B46C74D02D9E84FE0021BF26 /* FirebaseStorage in Frameworks */,
				B46C74CC2D9E84FE0021BF26 /* FirebaseFirestore in Frameworks */,
			);
			runOnlyForDeploymentPostprocessing = 0;
		};
		CAC0DDCA2D9F53060017B5FC /* Frameworks */ = {
			isa = PBXFrameworksBuildPhase;
			buildActionMask = 2147483647;
			files = (
			);
			runOnlyForDeploymentPostprocessing = 0;
		};
/* End PBXFrameworksBuildPhase section */

/* Begin PBXGroup section */
		394D942E2D9EB71C00187B5D /* Products */ = {
			isa = PBXGroup;
			children = (
			);
			name = Products;
			sourceTree = "<group>";
		};
		394D95572D9EB92D00187B5D /* Products */ = {
			isa = PBXGroup;
			children = (
			);
			name = Products;
			sourceTree = "<group>";
		};
		39BBDF872D9DA89200DDCDDA /* Products */ = {
			isa = PBXGroup;
			name = Products;
			sourceTree = "<group>";
		};
		39E396A12D932EA300C43CC4 = {
			isa = PBXGroup;
			children = (
				39E396AC2D932EA300C43CC4 /* Friends */,
				CAC0DDCE2D9F53060017B5FC /* FriendsUITests */,
				39E396AB2D932EA300C43CC4 /* Products */,
			);
			sourceTree = "<group>";
		};
		39E396AB2D932EA300C43CC4 /* Products */ = {
			isa = PBXGroup;
			children = (
				39E396AA2D932EA300C43CC4 /* Friends.app */,
				CAC0DDCD2D9F53060017B5FC /* FriendsUITests.xctest */,
			);
			name = Products;
			sourceTree = "<group>";
		};
		39EE0B9F2D99B301005E6AF4 /* Products */ = {
			isa = PBXGroup;
			children = (
			);
			name = Products;
			sourceTree = "<group>";
		};
		CAC0DD802D9F52F10017B5FC /* Products */ = {

			isa = PBXGroup;
			children = (
			);
			name = Products;
			sourceTree = "<group>";
		};
/* End PBXGroup section */

/* Begin PBXNativeTarget section */
		39E396A92D932EA300C43CC4 /* Friends */ = {
			isa = PBXNativeTarget;
			buildConfigurationList = 39E396BD2D932EA500C43CC4 /* Build configuration list for PBXNativeTarget "Friends" */;
			buildPhases = (
				395402EA2D95CED400E6DBEE /* SwiftLint */,
				39E396A62D932EA300C43CC4 /* Sources */,
				39E396A72D932EA300C43CC4 /* Frameworks */,
				39E396A82D932EA300C43CC4 /* Resources */,
			);
			buildRules = (
			);
			dependencies = (
			);
			fileSystemSynchronizedGroups = (
				39E396AC2D932EA300C43CC4 /* Friends */,
			);
			name = Friends;
			packageProductDependencies = (
				3917E29A2D94778400B51000 /* SnapKit */,
				B46C74C92D9E84FE0021BF26 /* FirebaseAuth */,
				B46C74CB2D9E84FE0021BF26 /* FirebaseFirestore */,
				B46C74CD2D9E84FE0021BF26 /* FirebaseMessaging */,
				B46C74CF2D9E84FE0021BF26 /* FirebaseStorage */,
			);
			productName = Friends;
			productReference = 39E396AA2D932EA300C43CC4 /* Friends.app */;
			productType = "com.apple.product-type.application";
		};
		CAC0DDCC2D9F53060017B5FC /* FriendsUITests */ = {
			isa = PBXNativeTarget;
			buildConfigurationList = CAC0DDDA2D9F53060017B5FC /* Build configuration list for PBXNativeTarget "FriendsUITests" */;
			buildPhases = (
				CAC0DDC92D9F53060017B5FC /* Sources */,
				CAC0DDCA2D9F53060017B5FC /* Frameworks */,
				CAC0DDCB2D9F53060017B5FC /* Resources */,
			);
			buildRules = (
			);
			dependencies = (
				CAC0DDD42D9F53060017B5FC /* PBXTargetDependency */,
			);
			fileSystemSynchronizedGroups = (
				CAC0DDCE2D9F53060017B5FC /* FriendsUITests */,
			);
			name = FriendsUITests;
			packageProductDependencies = (
			);
			productName = FriendsUITests;
			productReference = CAC0DDCD2D9F53060017B5FC /* FriendsUITests.xctest */;
			productType = "com.apple.product-type.bundle.ui-testing";
		};
/* End PBXNativeTarget section */

/* Begin PBXProject section */
		39E396A22D932EA300C43CC4 /* Project object */ = {
			isa = PBXProject;
			attributes = {
				BuildIndependentTargetsInParallel = 1;
				LastSwiftUpdateCheck = 1620;
				LastUpgradeCheck = 1620;
				TargetAttributes = {
					39E396A92D932EA300C43CC4 = {
						CreatedOnToolsVersion = 16.2;
					};
					CAC0DDCC2D9F53060017B5FC = {
						CreatedOnToolsVersion = 16.2;
						TestTargetID = 39E396A92D932EA300C43CC4;
					};
				};
			};
			buildConfigurationList = 39E396A52D932EA300C43CC4 /* Build configuration list for PBXProject "Friends" */;
			developmentRegion = en;
			hasScannedForEncodings = 0;
			knownRegions = (
				en,
				Base,
			);
			mainGroup = 39E396A12D932EA300C43CC4;
			minimizedProjectReferenceProxies = 1;
			packageReferences = (
				3917E2992D94778400B51000 /* XCRemoteSwiftPackageReference "SnapKit" */,
				B46C74C82D9E84FE0021BF26 /* XCRemoteSwiftPackageReference "firebase-ios-sdk" */,
			);
			preferredProjectObjectVersion = 77;
			productRefGroup = 39E396AB2D932EA300C43CC4 /* Products */;
			projectDirPath = "";
			projectReferences = (
				{
					ProductGroup = 394D95572D9EB92D00187B5D /* Products */;
					ProjectRef = 394D95562D9EB92D00187B5D /* Friends.xcodeproj */;
				},
				{
					ProductGroup = 8ADAE96C2D9F171000D75599 /* Products */;
					ProjectRef = 8ADAE96B2D9F171000D75599 /* Friends.xcodeproj */;
				},
				{
					ProductGroup = 39BBDF872D9DA89200DDCDDA /* Products */;
					ProjectRef = 39BBDF862D9DA89200DDCDDA /* Friends.xcodeproj */;
				},
				{
					ProductGroup = 394D942E2D9EB71C00187B5D /* Products */;
					ProjectRef = 394D942D2D9EB71C00187B5D /* Friends.xcodeproj */;
				},
				{
					ProductGroup = 8ADAEB922D9F522F00D75599 /* Products */;
					ProjectRef = 8ADAEB912D9F522F00D75599 /* Friends.xcodeproj */;
				},
				{
					ProductGroup = 39EE0B9F2D99B301005E6AF4 /* Products */;
					ProjectRef = 39EE0B9E2D99B301005E6AF4 /* Friends.xcodeproj */;
				},
				{
					ProductGroup = CAC0DD802D9F52F10017B5FC /* Products */;
					ProjectRef = CAC0DD7F2D9F52F10017B5FC /* Friends.xcodeproj */;
				},
			);
			projectRoot = "";
			targets = (
				39E396A92D932EA300C43CC4 /* Friends */,
				CAC0DDCC2D9F53060017B5FC /* FriendsUITests */,
			);
		};
/* End PBXProject section */

/* Begin PBXResourcesBuildPhase section */
		39E396A82D932EA300C43CC4 /* Resources */ = {
			isa = PBXResourcesBuildPhase;
			buildActionMask = 2147483647;
			files = (
			);
			runOnlyForDeploymentPostprocessing = 0;
		};
		CAC0DDCB2D9F53060017B5FC /* Resources */ = {
			isa = PBXResourcesBuildPhase;
			buildActionMask = 2147483647;
			files = (
			);
			runOnlyForDeploymentPostprocessing = 0;
		};
/* End PBXResourcesBuildPhase section */

/* Begin PBXShellScriptBuildPhase section */
		395402EA2D95CED400E6DBEE /* SwiftLint */ = {
			isa = PBXShellScriptBuildPhase;
			alwaysOutOfDate = 1;
			buildActionMask = 2147483647;
			files = (
			);
			inputFileListPaths = (
			);
			inputPaths = (
			);
			name = SwiftLint;
			outputFileListPaths = (
			);
			outputPaths = (
			);
			runOnlyForDeploymentPostprocessing = 0;
			shellPath = /bin/sh;
			shellScript = "if test -d \"/opt/homebrew/bin/\"; then\n  PATH=\"/opt/homebrew/bin/:${PATH}\"\nfi\n\nexport PATH\n\nif which swiftlint >/dev/null; then\n  swiftlint\nelse\n  echo \"warning: SwiftLint not installed, download from https://github.com/realm/SwiftLint\"\nfi\n\n";
		};
/* End PBXShellScriptBuildPhase section */

/* Begin PBXSourcesBuildPhase section */
		39E396A62D932EA300C43CC4 /* Sources */ = {
			isa = PBXSourcesBuildPhase;
			buildActionMask = 2147483647;
			files = (
			);
			runOnlyForDeploymentPostprocessing = 0;
		};
		CAC0DDC92D9F53060017B5FC /* Sources */ = {
			isa = PBXSourcesBuildPhase;
			buildActionMask = 2147483647;
			files = (
			);
			runOnlyForDeploymentPostprocessing = 0;
		};
/* End PBXSourcesBuildPhase section */

/* Begin PBXTargetDependency section */
		CAC0DDD42D9F53060017B5FC /* PBXTargetDependency */ = {
			isa = PBXTargetDependency;
			target = 39E396A92D932EA300C43CC4 /* Friends */;
			targetProxy = CAC0DDD32D9F53060017B5FC /* PBXContainerItemProxy */;
		};
/* End PBXTargetDependency section */

/* Begin XCBuildConfiguration section */
		39E396BE2D932EA500C43CC4 /* Debug */ = {
			isa = XCBuildConfiguration;
			buildSettings = {
				ASSETCATALOG_COMPILER_APPICON_NAME = AppIcon;
				ASSETCATALOG_COMPILER_GLOBAL_ACCENT_COLOR_NAME = AccentColor;
				CODE_SIGN_STYLE = Automatic;
				CURRENT_PROJECT_VERSION = 1;
				DEVELOPMENT_TEAM = W9P5JL4539;
				ENABLE_USER_SCRIPT_SANDBOXING = NO;
				GENERATE_INFOPLIST_FILE = YES;
				INFOPLIST_FILE = Friends/App/Info.plist;
				INFOPLIST_KEY_UIApplicationSupportsIndirectInputEvents = YES;
				INFOPLIST_KEY_UILaunchStoryboardName = LaunchScreen;
				INFOPLIST_KEY_UISupportedInterfaceOrientations_iPad = "UIInterfaceOrientationPortrait UIInterfaceOrientationPortraitUpsideDown UIInterfaceOrientationLandscapeLeft UIInterfaceOrientationLandscapeRight";
				INFOPLIST_KEY_UISupportedInterfaceOrientations_iPhone = "UIInterfaceOrientationPortrait UIInterfaceOrientationLandscapeLeft UIInterfaceOrientationLandscapeRight";
				IPHONEOS_DEPLOYMENT_TARGET = 16.0;
				LD_RUNPATH_SEARCH_PATHS = (
					"$(inherited)",
					"@executable_path/Frameworks",
				);
				MARKETING_VERSION = 1.0;
				PRODUCT_BUNDLE_IDENTIFIER = sirius.Friends;
				PRODUCT_NAME = "$(TARGET_NAME)";
				SUPPORTED_PLATFORMS = "iphoneos iphonesimulator";
				SUPPORTS_MACCATALYST = NO;
				SWIFT_EMIT_LOC_STRINGS = YES;
				SWIFT_VERSION = 5.0;
				TARGETED_DEVICE_FAMILY = "1,2";
			};
			name = Debug;
		};
		39E396BF2D932EA500C43CC4 /* Release */ = {
			isa = XCBuildConfiguration;
			buildSettings = {
				ASSETCATALOG_COMPILER_APPICON_NAME = AppIcon;
				ASSETCATALOG_COMPILER_GLOBAL_ACCENT_COLOR_NAME = AccentColor;
				CODE_SIGN_STYLE = Automatic;
				CURRENT_PROJECT_VERSION = 1;
				DEVELOPMENT_TEAM = W9P5JL4539;
				ENABLE_USER_SCRIPT_SANDBOXING = NO;
				GENERATE_INFOPLIST_FILE = YES;
				INFOPLIST_FILE = Friends/App/Info.plist;
				INFOPLIST_KEY_UIApplicationSupportsIndirectInputEvents = YES;
				INFOPLIST_KEY_UILaunchStoryboardName = LaunchScreen;
				INFOPLIST_KEY_UISupportedInterfaceOrientations_iPad = "UIInterfaceOrientationPortrait UIInterfaceOrientationPortraitUpsideDown UIInterfaceOrientationLandscapeLeft UIInterfaceOrientationLandscapeRight";
				INFOPLIST_KEY_UISupportedInterfaceOrientations_iPhone = "UIInterfaceOrientationPortrait UIInterfaceOrientationLandscapeLeft UIInterfaceOrientationLandscapeRight";
				IPHONEOS_DEPLOYMENT_TARGET = 16.0;
				LD_RUNPATH_SEARCH_PATHS = (
					"$(inherited)",
					"@executable_path/Frameworks",
				);
				MARKETING_VERSION = 1.0;
				PRODUCT_BUNDLE_IDENTIFIER = sirius.Friends;
				PRODUCT_NAME = "$(TARGET_NAME)";
				SUPPORTED_PLATFORMS = "iphoneos iphonesimulator";
				SUPPORTS_MACCATALYST = NO;
				SWIFT_EMIT_LOC_STRINGS = YES;
				SWIFT_VERSION = 5.0;
				TARGETED_DEVICE_FAMILY = "1,2";
			};
			name = Release;
		};
		39E396C02D932EA500C43CC4 /* Debug */ = {
			isa = XCBuildConfiguration;
			buildSettings = {
				ALWAYS_SEARCH_USER_PATHS = NO;
				ASSETCATALOG_COMPILER_GENERATE_SWIFT_ASSET_SYMBOL_EXTENSIONS = YES;
				CLANG_ANALYZER_NONNULL = YES;
				CLANG_ANALYZER_NUMBER_OBJECT_CONVERSION = YES_AGGRESSIVE;
				CLANG_CXX_LANGUAGE_STANDARD = "gnu++20";
				CLANG_ENABLE_MODULES = YES;
				CLANG_ENABLE_OBJC_ARC = YES;
				CLANG_ENABLE_OBJC_WEAK = YES;
				CLANG_WARN_BLOCK_CAPTURE_AUTORELEASING = YES;
				CLANG_WARN_BOOL_CONVERSION = YES;
				CLANG_WARN_COMMA = YES;
				CLANG_WARN_CONSTANT_CONVERSION = YES;
				CLANG_WARN_DEPRECATED_OBJC_IMPLEMENTATIONS = YES;
				CLANG_WARN_DIRECT_OBJC_ISA_USAGE = YES_ERROR;
				CLANG_WARN_DOCUMENTATION_COMMENTS = YES;
				CLANG_WARN_EMPTY_BODY = YES;
				CLANG_WARN_ENUM_CONVERSION = YES;
				CLANG_WARN_INFINITE_RECURSION = YES;
				CLANG_WARN_INT_CONVERSION = YES;
				CLANG_WARN_NON_LITERAL_NULL_CONVERSION = YES;
				CLANG_WARN_OBJC_IMPLICIT_RETAIN_SELF = YES;
				CLANG_WARN_OBJC_LITERAL_CONVERSION = YES;
				CLANG_WARN_OBJC_ROOT_CLASS = YES_ERROR;
				CLANG_WARN_QUOTED_INCLUDE_IN_FRAMEWORK_HEADER = YES;
				CLANG_WARN_RANGE_LOOP_ANALYSIS = YES;
				CLANG_WARN_STRICT_PROTOTYPES = YES;
				CLANG_WARN_SUSPICIOUS_MOVE = YES;
				CLANG_WARN_UNGUARDED_AVAILABILITY = YES_AGGRESSIVE;
				CLANG_WARN_UNREACHABLE_CODE = YES;
				CLANG_WARN__DUPLICATE_METHOD_MATCH = YES;
				COPY_PHASE_STRIP = NO;
				DEBUG_INFORMATION_FORMAT = dwarf;
				ENABLE_STRICT_OBJC_MSGSEND = YES;
				ENABLE_TESTABILITY = YES;
				ENABLE_USER_SCRIPT_SANDBOXING = YES;
				GCC_C_LANGUAGE_STANDARD = gnu17;
				GCC_DYNAMIC_NO_PIC = NO;
				GCC_NO_COMMON_BLOCKS = YES;
				GCC_OPTIMIZATION_LEVEL = 0;
				GCC_PREPROCESSOR_DEFINITIONS = (
					"DEBUG=1",
					"$(inherited)",
				);
				GCC_WARN_64_TO_32_BIT_CONVERSION = YES;
				GCC_WARN_ABOUT_RETURN_TYPE = YES_ERROR;
				GCC_WARN_UNDECLARED_SELECTOR = YES;
				GCC_WARN_UNINITIALIZED_AUTOS = YES_AGGRESSIVE;
				GCC_WARN_UNUSED_FUNCTION = YES;
				GCC_WARN_UNUSED_VARIABLE = YES;
				IPHONEOS_DEPLOYMENT_TARGET = 18.2;
				LOCALIZATION_PREFERS_STRING_CATALOGS = YES;
				MTL_ENABLE_DEBUG_INFO = INCLUDE_SOURCE;
				MTL_FAST_MATH = YES;
				ONLY_ACTIVE_ARCH = YES;
				SDKROOT = iphoneos;
				SWIFT_ACTIVE_COMPILATION_CONDITIONS = "DEBUG $(inherited)";
				SWIFT_OPTIMIZATION_LEVEL = "-Onone";
			};
			name = Debug;
		};
		39E396C12D932EA500C43CC4 /* Release */ = {
			isa = XCBuildConfiguration;
			buildSettings = {
				ALWAYS_SEARCH_USER_PATHS = NO;
				ASSETCATALOG_COMPILER_GENERATE_SWIFT_ASSET_SYMBOL_EXTENSIONS = YES;
				CLANG_ANALYZER_NONNULL = YES;
				CLANG_ANALYZER_NUMBER_OBJECT_CONVERSION = YES_AGGRESSIVE;
				CLANG_CXX_LANGUAGE_STANDARD = "gnu++20";
				CLANG_ENABLE_MODULES = YES;
				CLANG_ENABLE_OBJC_ARC = YES;
				CLANG_ENABLE_OBJC_WEAK = YES;
				CLANG_WARN_BLOCK_CAPTURE_AUTORELEASING = YES;
				CLANG_WARN_BOOL_CONVERSION = YES;
				CLANG_WARN_COMMA = YES;
				CLANG_WARN_CONSTANT_CONVERSION = YES;
				CLANG_WARN_DEPRECATED_OBJC_IMPLEMENTATIONS = YES;
				CLANG_WARN_DIRECT_OBJC_ISA_USAGE = YES_ERROR;
				CLANG_WARN_DOCUMENTATION_COMMENTS = YES;
				CLANG_WARN_EMPTY_BODY = YES;
				CLANG_WARN_ENUM_CONVERSION = YES;
				CLANG_WARN_INFINITE_RECURSION = YES;
				CLANG_WARN_INT_CONVERSION = YES;
				CLANG_WARN_NON_LITERAL_NULL_CONVERSION = YES;
				CLANG_WARN_OBJC_IMPLICIT_RETAIN_SELF = YES;
				CLANG_WARN_OBJC_LITERAL_CONVERSION = YES;
				CLANG_WARN_OBJC_ROOT_CLASS = YES_ERROR;
				CLANG_WARN_QUOTED_INCLUDE_IN_FRAMEWORK_HEADER = YES;
				CLANG_WARN_RANGE_LOOP_ANALYSIS = YES;
				CLANG_WARN_STRICT_PROTOTYPES = YES;
				CLANG_WARN_SUSPICIOUS_MOVE = YES;
				CLANG_WARN_UNGUARDED_AVAILABILITY = YES_AGGRESSIVE;
				CLANG_WARN_UNREACHABLE_CODE = YES;
				CLANG_WARN__DUPLICATE_METHOD_MATCH = YES;
				COPY_PHASE_STRIP = NO;
				DEBUG_INFORMATION_FORMAT = "dwarf-with-dsym";
				ENABLE_NS_ASSERTIONS = NO;
				ENABLE_STRICT_OBJC_MSGSEND = YES;
				ENABLE_USER_SCRIPT_SANDBOXING = YES;
				GCC_C_LANGUAGE_STANDARD = gnu17;
				GCC_NO_COMMON_BLOCKS = YES;
				GCC_WARN_64_TO_32_BIT_CONVERSION = YES;
				GCC_WARN_ABOUT_RETURN_TYPE = YES_ERROR;
				GCC_WARN_UNDECLARED_SELECTOR = YES;
				GCC_WARN_UNINITIALIZED_AUTOS = YES_AGGRESSIVE;
				GCC_WARN_UNUSED_FUNCTION = YES;
				GCC_WARN_UNUSED_VARIABLE = YES;
				IPHONEOS_DEPLOYMENT_TARGET = 18.2;
				LOCALIZATION_PREFERS_STRING_CATALOGS = YES;
				MTL_ENABLE_DEBUG_INFO = NO;
				MTL_FAST_MATH = YES;
				SDKROOT = iphoneos;
				SWIFT_COMPILATION_MODE = wholemodule;
				VALIDATE_PRODUCT = YES;
			};
			name = Release;
		};
		CAC0DDD52D9F53060017B5FC /* Debug */ = {
			isa = XCBuildConfiguration;
			buildSettings = {
				CODE_SIGN_STYLE = Automatic;
				CURRENT_PROJECT_VERSION = 1;
				DEVELOPMENT_TEAM = 8U7D8W8J2D;
				GENERATE_INFOPLIST_FILE = YES;
				MARKETING_VERSION = 1.0;
				PRODUCT_BUNDLE_IDENTIFIER = com.maksimova.FriendsUITests;
				PRODUCT_NAME = "$(TARGET_NAME)";
				SWIFT_EMIT_LOC_STRINGS = NO;
				SWIFT_VERSION = 5.0;
				TARGETED_DEVICE_FAMILY = "1,2";
				TEST_TARGET_NAME = Friends;
			};
			name = Debug;
		};
		CAC0DDD62D9F53060017B5FC /* Release */ = {
			isa = XCBuildConfiguration;
			buildSettings = {
				CODE_SIGN_STYLE = Automatic;
				CURRENT_PROJECT_VERSION = 1;
				DEVELOPMENT_TEAM = 8U7D8W8J2D;
				GENERATE_INFOPLIST_FILE = YES;
				MARKETING_VERSION = 1.0;
				PRODUCT_BUNDLE_IDENTIFIER = com.maksimova.FriendsUITests;
				PRODUCT_NAME = "$(TARGET_NAME)";
				SWIFT_EMIT_LOC_STRINGS = NO;
				SWIFT_VERSION = 5.0;
				TARGETED_DEVICE_FAMILY = "1,2";
				TEST_TARGET_NAME = Friends;
			};
			name = Release;
		};
/* End XCBuildConfiguration section */

/* Begin XCConfigurationList section */
		39E396A52D932EA300C43CC4 /* Build configuration list for PBXProject "Friends" */ = {
			isa = XCConfigurationList;
			buildConfigurations = (
				39E396C02D932EA500C43CC4 /* Debug */,
				39E396C12D932EA500C43CC4 /* Release */,
			);
			defaultConfigurationIsVisible = 0;
			defaultConfigurationName = Release;
		};
		39E396BD2D932EA500C43CC4 /* Build configuration list for PBXNativeTarget "Friends" */ = {
			isa = XCConfigurationList;
			buildConfigurations = (
				39E396BE2D932EA500C43CC4 /* Debug */,
				39E396BF2D932EA500C43CC4 /* Release */,
			);
			defaultConfigurationIsVisible = 0;
			defaultConfigurationName = Release;
		};
		CAC0DDDA2D9F53060017B5FC /* Build configuration list for PBXNativeTarget "FriendsUITests" */ = {
			isa = XCConfigurationList;
			buildConfigurations = (
				CAC0DDD52D9F53060017B5FC /* Debug */,
				CAC0DDD62D9F53060017B5FC /* Release */,
			);
			defaultConfigurationIsVisible = 0;
			defaultConfigurationName = Release;
		};
/* End XCConfigurationList section */

/* Begin XCRemoteSwiftPackageReference section */
		3917E2992D94778400B51000 /* XCRemoteSwiftPackageReference "SnapKit" */ = {
			isa = XCRemoteSwiftPackageReference;
			repositoryURL = "https://github.com/SnapKit/SnapKit.git";
			requirement = {
				kind = upToNextMajorVersion;
				minimumVersion = 5.7.1;
			};
		};
		B46C74C82D9E84FE0021BF26 /* XCRemoteSwiftPackageReference "firebase-ios-sdk" */ = {
			isa = XCRemoteSwiftPackageReference;
			repositoryURL = "https://github.com/firebase/firebase-ios-sdk";
			requirement = {
				kind = upToNextMajorVersion;
				minimumVersion = 11.11.0;
			};
		};
/* End XCRemoteSwiftPackageReference section */

/* Begin XCSwiftPackageProductDependency section */
		3917E29A2D94778400B51000 /* SnapKit */ = {
			isa = XCSwiftPackageProductDependency;
			package = 3917E2992D94778400B51000 /* XCRemoteSwiftPackageReference "SnapKit" */;
			productName = SnapKit;
		};
		B46C74C92D9E84FE0021BF26 /* FirebaseAuth */ = {
			isa = XCSwiftPackageProductDependency;
			package = B46C74C82D9E84FE0021BF26 /* XCRemoteSwiftPackageReference "firebase-ios-sdk" */;
			productName = FirebaseAuth;
		};
		B46C74CB2D9E84FE0021BF26 /* FirebaseFirestore */ = {
			isa = XCSwiftPackageProductDependency;
			package = B46C74C82D9E84FE0021BF26 /* XCRemoteSwiftPackageReference "firebase-ios-sdk" */;
			productName = FirebaseFirestore;
		};
		B46C74CD2D9E84FE0021BF26 /* FirebaseMessaging */ = {
			isa = XCSwiftPackageProductDependency;
			package = B46C74C82D9E84FE0021BF26 /* XCRemoteSwiftPackageReference "firebase-ios-sdk" */;
			productName = FirebaseMessaging;
		};
		B46C74CF2D9E84FE0021BF26 /* FirebaseStorage */ = {
			isa = XCSwiftPackageProductDependency;
			package = B46C74C82D9E84FE0021BF26 /* XCRemoteSwiftPackageReference "firebase-ios-sdk" */;
			productName = FirebaseStorage;
		};
/* End XCSwiftPackageProductDependency section */
	};
	rootObject = 39E396A22D932EA300C43CC4 /* Project object */;
}
